
Microsoft Visual Studio Solution File, Format Version 12.00
# Visual Studio Version 17
VisualStudioVersion = 17.1.32228.430
MinimumVisualStudioVersion = 10.0.40219.1
Project("{FAE04EC0-301F-11D3-BF4B-00C04F79EFBC}") = "Tildetool", "Tildetool.csproj", "{933AF6AE-97B2-406C-830A-D1A984567DF1}"
EndProject
Global
	GlobalSection(SolutionConfigurationPlatforms) = preSolution
		Debug|Any CPU = Debug|Any CPU
		Release|Any CPU = Release|Any CPU
	EndGlobalSection
	GlobalSection(ProjectConfigurationPlatforms) = postSolution
		{933AF6AE-97B2-406C-830A-D1A984567DF1}.Debug|Any CPU.ActiveCfg = Debug|Any CPU
		{933AF6AE-97B2-406C-830A-D1A984567DF1}.Debug|Any CPU.Build.0 = Debug|Any CPU
		{933AF6AE-97B2-406C-830A-D1A984567DF1}.Release|Any CPU.ActiveCfg = Release|Any CPU
		{933AF6AE-97B2-406C-830A-D1A984567DF1}.Release|Any CPU.Build.0 = Release|Any CPU
	EndGlobalSection
	GlobalSection(SolutionProperties) = preSolution
		HideSolutionNode = FALSE
	EndGlobalSection
	GlobalSection(ExtensibilityGlobals) = postSolution
		SolutionGuid = {8EB60FE6-6280-40D6-9B90-BD7CF9D7F1FE}
	EndGlobalSection
EndGlobal
